
Microsoft Visual Studio Solution File, Format Version 12.00
# Visual Studio Version 17
VisualStudioVersion = 17.7.34221.43
MinimumVisualStudioVersion = 10.0.40219.1
Project("{9A19103F-16F7-4668-BE54-9A1E7A4F7556}") = "HelpDeskApp", "HelpDeskApp.csproj", "{797F4FDB-93BE-40E1-8CE1-B666D428E210}"
EndProject
Global
	GlobalSection(SolutionConfigurationPlatforms) = preSolution
		Debug|Any CPU = Debug|Any CPU
		Release|Any CPU = Release|Any CPU
	EndGlobalSection
	GlobalSection(ProjectConfigurationPlatforms) = postSolution
		{797F4FDB-93BE-40E1-8CE1-B666D428E210}.Debug|Any CPU.ActiveCfg = Debug|Any CPU
		{797F4FDB-93BE-40E1-8CE1-B666D428E210}.Debug|Any CPU.Build.0 = Debug|Any CPU
		{797F4FDB-93BE-40E1-8CE1-B666D428E210}.Release|Any CPU.ActiveCfg = Release|Any CPU
		{797F4FDB-93BE-40E1-8CE1-B666D428E210}.Release|Any CPU.Build.0 = Release|Any CPU
	EndGlobalSection
	GlobalSection(SolutionProperties) = preSolution
		HideSolutionNode = FALSE
	EndGlobalSection
	GlobalSection(ExtensibilityGlobals) = postSolution
		SolutionGuid = {49F19D5F-F52E-4C89-A8F8-75F137E9F5DF}
	EndGlobalSection
EndGlobal
